<?xml version="1.0" encoding="utf-8"?>
<Project ToolsVersion="4.0" xmlns="http://schemas.microsoft.com/developer/msbuild/2003">
  <ItemGroup>
    <Filter Include="Source">
      <UniqueIdentifier>{4FC737F1-C7A5-4376-A066-2A32D752A2FF}</UniqueIdentifier>
      <Extensions>cpp;c;cc;cxx;c++;cppm;ixx;def;odl;idl;hpj;bat;asm;asmx</Extensions>
    </Filter>
    <Filter Include="Header">
      <UniqueIdentifier>{93995380-89BD-4b04-88EB-625FBE52EBFB}</UniqueIdentifier>
      <Extensions>h;hh;hpp;hxx;h++;hm;inl;inc;ipp;xsd</Extensions>
    </Filter>
    <Filter Include="Shader">
      <UniqueIdentifier>{429dd02f-6c3f-4aeb-b8ae-8ecf71afc3f0}</UniqueIdentifier>
    </Filter>
    <Filter Include="Network">
      <UniqueIdentifier>{c21e280e-abf9-4495-a065-f96c8e5fa888}</UniqueIdentifier>
    </Filter>
    <Filter Include="Util">
      <UniqueIdentifier>{98b4e77d-a4c8-4f31-a590-9c099c4d1512}</UniqueIdentifier>
    </Filter>
  </ItemGroup>
  <ItemGroup>
    <ClInclude Include="pch.h">
      <Filter>Header</Filter>
    </ClInclude>
    <ClInclude Include="Vertex.h">
      <Filter>Header</Filter>
    </ClInclude>
    <ClInclude Include="Graphics.h">
      <Filter>Header</Filter>
    </ClInclude>
    <ClInclude Include="ClientSocket.h">
      <Filter>Header</Filter>
    </ClInclude>
    <ClInclude Include="NetworkClient.h">
      <Filter>Network</Filter>
    </ClInclude>
    <ClInclude Include="RWLock.h">
      <Filter>Network</Filter>
    </ClInclude>
    <ClInclude Include="ClientPacketDispatcher.h">
      <Filter>Network</Filter>
    </ClInclude>
    <ClInclude Include="ClientContext.h">
      <Filter>Network</Filter>
    </ClInclude>
    <ClInclude Include="Config.h">
      <Filter>Util</Filter>
    </ClInclude>
  </ItemGroup>
  <ItemGroup>
    <ClCompile Include="main.cpp">
      <Filter>Source</Filter>
    </ClCompile>
    <ClCompile Include="Graphics.cpp">
      <Filter>Source</Filter>
    </ClCompile>
    <ClCompile Include="ClientSocket.cpp">
      <Filter>Source</Filter>
    </ClCompile>
    <ClCompile Include="NetworkClient.cpp">
      <Filter>Network</Filter>
    </ClCompile>
    <ClCompile Include="RWLock.cpp">
      <Filter>Network</Filter>
    </ClCompile>
    <ClCompile Include="ClientPacketDispatcher.cpp">
      <Filter>Network</Filter>
    </ClCompile>
  </ItemGroup>
  <ItemGroup>
    <None Include="shader.frag">
      <Filter>Shader</Filter>
    </None>
    <None Include="shader.vert">
      <Filter>Shader</Filter>
    </None>
  </ItemGroup>
</Project>